
Microsoft Visual Studio Solution File, Format Version 12.00
# Visual Studio Version 16
VisualStudioVersion = 16.0.30611.23
MinimumVisualStudioVersion = 10.0.40219.1
Project("{FAE04EC0-301F-11D3-BF4B-00C04F79EFBC}") = "TestApi", "TestApi\TestApi.csproj", "{1428F62E-897C-4AF4-BAAD-5FA1503E5989}"
EndProject
Global
	GlobalSection(SolutionConfigurationPlatforms) = preSolution
		Debug|Any CPU = Debug|Any CPU
		Release|Any CPU = Release|Any CPU
	EndGlobalSection
	GlobalSection(ProjectConfigurationPlatforms) = postSolution
		{1428F62E-897C-4AF4-BAAD-5FA1503E5989}.Debug|Any CPU.ActiveCfg = Debug|Any CPU
		{1428F62E-897C-4AF4-BAAD-5FA1503E5989}.Debug|Any CPU.Build.0 = Debug|Any CPU
		{1428F62E-897C-4AF4-BAAD-5FA1503E5989}.Release|Any CPU.ActiveCfg = Release|Any CPU
		{1428F62E-897C-4AF4-BAAD-5FA1503E5989}.Release|Any CPU.Build.0 = Release|Any CPU
	EndGlobalSection
	GlobalSection(SolutionProperties) = preSolution
		HideSolutionNode = FALSE
	EndGlobalSection
	GlobalSection(ExtensibilityGlobals) = postSolution
		SolutionGuid = {A55B6DBC-CD47-4A39-90AF-72047A88BBE9}
	EndGlobalSection
EndGlobal
